
Microsoft Visual Studio Solution File, Format Version 12.00
# Visual Studio 2013
VisualStudioVersion = 12.0.31101.0
MinimumVisualStudioVersion = 10.0.40219.1
Project("{2150E333-8FDC-42A3-9474-1A3956D46DE8}") = "src", "src", "{F0717179-F14B-4667-8D5A-5980EC935F0F}"
EndProject
Project("{2150E333-8FDC-42A3-9474-1A3956D46DE8}") = "build", "build", "{33043060-6D33-4018-9F77-A36E70771C93}"
	ProjectSection(SolutionItems) = preProject
		build.cmd = build.cmd
		build\Build.proj = build\Build.proj
		build\build.props = build\build.props
		build\build.targets = build\build.targets
		build\Build.tasks = build\Build.tasks
		build\environment.props = build\environment.props
		build\README.md = build\README.md
		build\versions.targets = build\versions.targets
	EndProjectSection
EndProject
Project("{2150E333-8FDC-42A3-9474-1A3956D46DE8}") = ".nuget", ".nuget", "{47B95AB0-A787-4853-B9B4-CC16714240A6}"
	ProjectSection(SolutionItems) = preProject
		.nuget\NuGet.Config = .nuget\NuGet.Config
		.nuget\NuGet.exe = .nuget\NuGet.exe
		.nuget\NuGet.targets = .nuget\NuGet.targets
	EndProjectSection
EndProject
Project("{2150E333-8FDC-42A3-9474-1A3956D46DE8}") = "tests", "tests", "{2A29E5BC-9DE1-4299-AFD9-86F1CC77B921}"
EndProject
Project("{2150E333-8FDC-42A3-9474-1A3956D46DE8}") = "unit test", "unit test", "{923D9377-9025-425B-9698-1A38947CA973}"
EndProject
Project("{2150E333-8FDC-42A3-9474-1A3956D46DE8}") = "lib", "lib", "{BFDC90B2-65F5-4F9E-A49F-9CD8060A2B4B}"
	ProjectSection(SolutionItems) = preProject
		lib\README.md = lib\README.md
	EndProjectSection
EndProject
Project("{2150E333-8FDC-42A3-9474-1A3956D46DE8}") = "packaging", "packaging", "{05F4023A-A4F6-4844-8175-8D7E04C63913}"
	ProjectSection(SolutionItems) = preProject
		build\packaging\Sitecore.Glimpse.Mvc5.nuspec = build\packaging\Sitecore.Glimpse.Mvc5.nuspec
	EndProjectSection
EndProject
Project("{2150E333-8FDC-42A3-9474-1A3956D46DE8}") = "docs", "docs", "{D11D4F10-B2C8-4E1C-BF78-B192D303D20D}"
	ProjectSection(SolutionItems) = preProject
		License.txt = License.txt
		README.md = README.md
	EndProjectSection
EndProject
Project("{FAE04EC0-301F-11D3-BF4B-00C04F79EFBC}") = "Sitecore.Glimpse.Test", "tests\unit-test\Sitecore.Glimpse.Test\Sitecore.Glimpse.Test.csproj", "{99792E2E-1BA6-4B15-9115-619FD1D474C7}"
EndProject
Project("{FAE04EC0-301F-11D3-BF4B-00C04F79EFBC}") = "Sitecore.Glimpse", "src\Sitecore.Glimpse\Sitecore.Glimpse.csproj", "{656D13BC-6958-4995-80D5-AB7D0FDF854D}"
EndProject
Project("{2150E333-8FDC-42A3-9474-1A3956D46DE8}") = "Common", "Common", "{0E821D5A-760E-4D95-9F45-63840E6BED6B}"
	ProjectSection(SolutionItems) = preProject
		src\Common\CommonAssemblyInfo.cs = src\Common\CommonAssemblyInfo.cs
		src\Common\CommonVersionInfo.cs = src\Common\CommonVersionInfo.cs
	EndProjectSection
EndProject
Project("{FAE04EC0-301F-11D3-BF4B-00C04F79EFBC}") = "Sitecore.Glimpse.Infrastructure", "src\Sitecore.Glimpse.Infrastructure\Sitecore.Glimpse.Infrastructure.csproj", "{13D0192C-3E97-44FF-AF0F-914F0D254A0D}"
EndProject
Project("{FAE04EC0-301F-11D3-BF4B-00C04F79EFBC}") = "Sitecore.Glimpse.Core", "src\Sitecore.Glimpse.Core\Sitecore.Glimpse.Core.csproj", "{7A573B93-5410-4B9C-832E-3B034E49383E}"
EndProject
Project("{FAE04EC0-301F-11D3-BF4B-00C04F79EFBC}") = "Sitecore.Glimpse.Infrastructure.Test", "tests\unit-test\Sitecore.Glimpse.Infrastructure.Test\Sitecore.Glimpse.Infrastructure.Test.csproj", "{C3D4E476-50BD-49AA-A0AF-82F4FB7FFFC2}"
EndProject
Project("{2150E333-8FDC-42A3-9474-1A3956D46DE8}") = "smoke test", "smoke test", "{3928C791-5A3E-4647-8666-B6D1D71991BA}"
EndProject
Project("{FAE04EC0-301F-11D3-BF4B-00C04F79EFBC}") = "Sitecore.Glimpse.Smoke.Test", "tests\smoke-test\Sitecore.Glimpse.Smoke.Test\Sitecore.Glimpse.Smoke.Test.csproj", "{FDC463E9-4672-4F06-9DF2-610914056C60}"
EndProject
Project("{FAE04EC0-301F-11D3-BF4B-00C04F79EFBC}") = "Sitecore.Glimpse.Core.Test", "tests\unit-test\Sitecore.Glimpse.Core.Test\Sitecore.Glimpse.Core.Test.csproj", "{FE331CB1-09E4-43EB-AE96-D4D120074CCC}"
EndProject
Global
	GlobalSection(SolutionConfigurationPlatforms) = preSolution
		Debug|Any CPU = Debug|Any CPU
		Release|Any CPU = Release|Any CPU
	EndGlobalSection
	GlobalSection(ProjectConfigurationPlatforms) = postSolution
		{99792E2E-1BA6-4B15-9115-619FD1D474C7}.Debug|Any CPU.ActiveCfg = Debug|Any CPU
		{99792E2E-1BA6-4B15-9115-619FD1D474C7}.Debug|Any CPU.Build.0 = Debug|Any CPU
		{99792E2E-1BA6-4B15-9115-619FD1D474C7}.Release|Any CPU.ActiveCfg = Release|Any CPU
		{99792E2E-1BA6-4B15-9115-619FD1D474C7}.Release|Any CPU.Build.0 = Release|Any CPU
		{656D13BC-6958-4995-80D5-AB7D0FDF854D}.Debug|Any CPU.ActiveCfg = Debug|Any CPU
		{656D13BC-6958-4995-80D5-AB7D0FDF854D}.Debug|Any CPU.Build.0 = Debug|Any CPU
		{656D13BC-6958-4995-80D5-AB7D0FDF854D}.Release|Any CPU.ActiveCfg = Release|Any CPU
		{656D13BC-6958-4995-80D5-AB7D0FDF854D}.Release|Any CPU.Build.0 = Release|Any CPU
		{13D0192C-3E97-44FF-AF0F-914F0D254A0D}.Debug|Any CPU.ActiveCfg = Debug|Any CPU
		{13D0192C-3E97-44FF-AF0F-914F0D254A0D}.Debug|Any CPU.Build.0 = Debug|Any CPU
		{13D0192C-3E97-44FF-AF0F-914F0D254A0D}.Release|Any CPU.ActiveCfg = Release|Any CPU
		{13D0192C-3E97-44FF-AF0F-914F0D254A0D}.Release|Any CPU.Build.0 = Release|Any CPU
		{7A573B93-5410-4B9C-832E-3B034E49383E}.Debug|Any CPU.ActiveCfg = Debug|Any CPU
		{7A573B93-5410-4B9C-832E-3B034E49383E}.Debug|Any CPU.Build.0 = Debug|Any CPU
		{7A573B93-5410-4B9C-832E-3B034E49383E}.Release|Any CPU.ActiveCfg = Release|Any CPU
		{7A573B93-5410-4B9C-832E-3B034E49383E}.Release|Any CPU.Build.0 = Release|Any CPU
		{C3D4E476-50BD-49AA-A0AF-82F4FB7FFFC2}.Debug|Any CPU.ActiveCfg = Debug|Any CPU
		{C3D4E476-50BD-49AA-A0AF-82F4FB7FFFC2}.Debug|Any CPU.Build.0 = Debug|Any CPU
		{C3D4E476-50BD-49AA-A0AF-82F4FB7FFFC2}.Release|Any CPU.ActiveCfg = Release|Any CPU
		{C3D4E476-50BD-49AA-A0AF-82F4FB7FFFC2}.Release|Any CPU.Build.0 = Release|Any CPU
		{FDC463E9-4672-4F06-9DF2-610914056C60}.Debug|Any CPU.ActiveCfg = Debug|Any CPU
		{FDC463E9-4672-4F06-9DF2-610914056C60}.Debug|Any CPU.Build.0 = Debug|Any CPU
		{FDC463E9-4672-4F06-9DF2-610914056C60}.Release|Any CPU.ActiveCfg = Release|Any CPU
		{FDC463E9-4672-4F06-9DF2-610914056C60}.Release|Any CPU.Build.0 = Release|Any CPU
		{FE331CB1-09E4-43EB-AE96-D4D120074CCC}.Debug|Any CPU.ActiveCfg = Debug|Any CPU
		{FE331CB1-09E4-43EB-AE96-D4D120074CCC}.Debug|Any CPU.Build.0 = Debug|Any CPU
		{FE331CB1-09E4-43EB-AE96-D4D120074CCC}.Release|Any CPU.ActiveCfg = Release|Any CPU
		{FE331CB1-09E4-43EB-AE96-D4D120074CCC}.Release|Any CPU.Build.0 = Release|Any CPU
	EndGlobalSection
	GlobalSection(SolutionProperties) = preSolution
		HideSolutionNode = FALSE
	EndGlobalSection
	GlobalSection(NestedProjects) = preSolution
		{923D9377-9025-425B-9698-1A38947CA973} = {2A29E5BC-9DE1-4299-AFD9-86F1CC77B921}
		{05F4023A-A4F6-4844-8175-8D7E04C63913} = {33043060-6D33-4018-9F77-A36E70771C93}
		{99792E2E-1BA6-4B15-9115-619FD1D474C7} = {923D9377-9025-425B-9698-1A38947CA973}
		{656D13BC-6958-4995-80D5-AB7D0FDF854D} = {F0717179-F14B-4667-8D5A-5980EC935F0F}
		{0E821D5A-760E-4D95-9F45-63840E6BED6B} = {F0717179-F14B-4667-8D5A-5980EC935F0F}
		{13D0192C-3E97-44FF-AF0F-914F0D254A0D} = {F0717179-F14B-4667-8D5A-5980EC935F0F}
		{7A573B93-5410-4B9C-832E-3B034E49383E} = {F0717179-F14B-4667-8D5A-5980EC935F0F}
		{C3D4E476-50BD-49AA-A0AF-82F4FB7FFFC2} = {923D9377-9025-425B-9698-1A38947CA973}
		{3928C791-5A3E-4647-8666-B6D1D71991BA} = {2A29E5BC-9DE1-4299-AFD9-86F1CC77B921}
		{FDC463E9-4672-4F06-9DF2-610914056C60} = {3928C791-5A3E-4647-8666-B6D1D71991BA}
		{FE331CB1-09E4-43EB-AE96-D4D120074CCC} = {923D9377-9025-425B-9698-1A38947CA973}
	EndGlobalSection
EndGlobal
